
Microsoft Visual Studio Solution File, Format Version 12.00
# Visual Studio Version 16
VisualStudioVersion = 16.0.30517.126
MinimumVisualStudioVersion = 10.0.40219.1
Project("{9A19103F-16F7-4668-BE54-9A1E7A4F7556}") = "FruitCommerceDemo.Web", "FruitCommerceDemo.Web\FruitCommerceDemo.Web.csproj", "{73E15CF9-AB51-477B-8381-8678B8CAA909}"
EndProject
Project("{9A19103F-16F7-4668-BE54-9A1E7A4F7556}") = "FruitCommerceDemo.BLL", "FruitCommerceDemo.BLL\FruitCommerceDemo.BLL.csproj", "{313913A1-C1F9-456E-92AC-119F9A61A359}"
EndProject
Project("{9A19103F-16F7-4668-BE54-9A1E7A4F7556}") = "FruitCommerceDemo.DAL", "FruitCommerceDemo.DAL\FruitCommerceDemo.DAL.csproj", "{E20E65AB-C54F-43D5-986D-163D30C51612}"
EndProject
Project("{9A19103F-16F7-4668-BE54-9A1E7A4F7556}") = "FruitCommerceDemo.Core", "FruitCommerceDemo.Core\FruitCommerceDemo.Core.csproj", "{33B57F43-3D3F-4711-B14D-2007CB43D947}"
EndProject
Project("{9A19103F-16F7-4668-BE54-9A1E7A4F7556}") = "FruitCommerceDemo.EF", "FruitCommerceDemo.EF\FruitCommerceDemo.EF.csproj", "{D2FFA703-0E59-425E-B4D5-78993167E6B4}"
EndProject
Project("{FAE04EC0-301F-11D3-BF4B-00C04F79EFBC}") = "FruitCommerceDemo.EF.Test", "FruitCommerceDemo.EF.Test\FruitCommerceDemo.EF.Test.csproj", "{0C9DC981-E01D-40FB-9292-186AF98A5E0B}"
EndProject
Project("{FAE04EC0-301F-11D3-BF4B-00C04F79EFBC}") = "FruitCommerceDemo.DAL.Test", "FruitCommerceDemo.DAL.Test\FruitCommerceDemo.DAL.Test.csproj", "{CD3013D2-0D25-411B-A02C-5D327A092AD3}"
EndProject
Project("{FAE04EC0-301F-11D3-BF4B-00C04F79EFBC}") = "FruitCommerceDemo.BLL.Test", "FruitCommerceDemo.BLL.Test\FruitCommerceDemo.BLL.Test.csproj", "{5D504278-FBD7-45FB-85FF-197AD6F64089}"
EndProject
Global
	GlobalSection(SolutionConfigurationPlatforms) = preSolution
		Debug|Any CPU = Debug|Any CPU
		Release|Any CPU = Release|Any CPU
	EndGlobalSection
	GlobalSection(ProjectConfigurationPlatforms) = postSolution
		{73E15CF9-AB51-477B-8381-8678B8CAA909}.Debug|Any CPU.ActiveCfg = Debug|Any CPU
		{73E15CF9-AB51-477B-8381-8678B8CAA909}.Debug|Any CPU.Build.0 = Debug|Any CPU
		{73E15CF9-AB51-477B-8381-8678B8CAA909}.Release|Any CPU.ActiveCfg = Release|Any CPU
		{73E15CF9-AB51-477B-8381-8678B8CAA909}.Release|Any CPU.Build.0 = Release|Any CPU
		{313913A1-C1F9-456E-92AC-119F9A61A359}.Debug|Any CPU.ActiveCfg = Debug|Any CPU
		{313913A1-C1F9-456E-92AC-119F9A61A359}.Debug|Any CPU.Build.0 = Debug|Any CPU
		{313913A1-C1F9-456E-92AC-119F9A61A359}.Release|Any CPU.ActiveCfg = Release|Any CPU
		{313913A1-C1F9-456E-92AC-119F9A61A359}.Release|Any CPU.Build.0 = Release|Any CPU
		{E20E65AB-C54F-43D5-986D-163D30C51612}.Debug|Any CPU.ActiveCfg = Debug|Any CPU
		{E20E65AB-C54F-43D5-986D-163D30C51612}.Debug|Any CPU.Build.0 = Debug|Any CPU
		{E20E65AB-C54F-43D5-986D-163D30C51612}.Release|Any CPU.ActiveCfg = Release|Any CPU
		{E20E65AB-C54F-43D5-986D-163D30C51612}.Release|Any CPU.Build.0 = Release|Any CPU
		{33B57F43-3D3F-4711-B14D-2007CB43D947}.Debug|Any CPU.ActiveCfg = Debug|Any CPU
		{33B57F43-3D3F-4711-B14D-2007CB43D947}.Debug|Any CPU.Build.0 = Debug|Any CPU
		{33B57F43-3D3F-4711-B14D-2007CB43D947}.Release|Any CPU.ActiveCfg = Release|Any CPU
		{33B57F43-3D3F-4711-B14D-2007CB43D947}.Release|Any CPU.Build.0 = Release|Any CPU
		{D2FFA703-0E59-425E-B4D5-78993167E6B4}.Debug|Any CPU.ActiveCfg = Debug|Any CPU
		{D2FFA703-0E59-425E-B4D5-78993167E6B4}.Debug|Any CPU.Build.0 = Debug|Any CPU
		{D2FFA703-0E59-425E-B4D5-78993167E6B4}.Release|Any CPU.ActiveCfg = Release|Any CPU
		{D2FFA703-0E59-425E-B4D5-78993167E6B4}.Release|Any CPU.Build.0 = Release|Any CPU
		{0C9DC981-E01D-40FB-9292-186AF98A5E0B}.Debug|Any CPU.ActiveCfg = Debug|Any CPU
		{0C9DC981-E01D-40FB-9292-186AF98A5E0B}.Debug|Any CPU.Build.0 = Debug|Any CPU
		{0C9DC981-E01D-40FB-9292-186AF98A5E0B}.Release|Any CPU.ActiveCfg = Release|Any CPU
		{0C9DC981-E01D-40FB-9292-186AF98A5E0B}.Release|Any CPU.Build.0 = Release|Any CPU
		{CD3013D2-0D25-411B-A02C-5D327A092AD3}.Debug|Any CPU.ActiveCfg = Debug|Any CPU
		{CD3013D2-0D25-411B-A02C-5D327A092AD3}.Debug|Any CPU.Build.0 = Debug|Any CPU
		{CD3013D2-0D25-411B-A02C-5D327A092AD3}.Release|Any CPU.ActiveCfg = Release|Any CPU
		{CD3013D2-0D25-411B-A02C-5D327A092AD3}.Release|Any CPU.Build.0 = Release|Any CPU
		{5D504278-FBD7-45FB-85FF-197AD6F64089}.Debug|Any CPU.ActiveCfg = Debug|Any CPU
		{5D504278-FBD7-45FB-85FF-197AD6F64089}.Debug|Any CPU.Build.0 = Debug|Any CPU
		{5D504278-FBD7-45FB-85FF-197AD6F64089}.Release|Any CPU.ActiveCfg = Release|Any CPU
		{5D504278-FBD7-45FB-85FF-197AD6F64089}.Release|Any CPU.Build.0 = Release|Any CPU
	EndGlobalSection
	GlobalSection(SolutionProperties) = preSolution
		HideSolutionNode = FALSE
	EndGlobalSection
	GlobalSection(ExtensibilityGlobals) = postSolution
		SolutionGuid = {C2571001-BBB8-46CA-8034-E68F0737DC51}
	EndGlobalSection
EndGlobal
